// !$*UTF8*$!
{
	archiveVersion = 1;
	classes = {
	};
	objectVersion = 56;
	objects = {

/* Begin PBXBuildFile section */
		FC1A5EBC2D5B095400DC2B79 /* APIRequest.swift in Sources */ = {isa = PBXBuildFile; fileRef = FC1A5EBB2D5B094D00DC2B79 /* APIRequest.swift */; };
		FC1A5EBE2D5B325E00DC2B79 /* Data+Ext.swift in Sources */ = {isa = PBXBuildFile; fileRef = FC1A5EBD2D5B325800DC2B79 /* Data+Ext.swift */; };
		FC1A5EC12D5B37BC00DC2B79 /* RouteListViewModel.swift in Sources */ = {isa = PBXBuildFile; fileRef = FC1A5EC02D5B37B500DC2B79 /* RouteListViewModel.swift */; };
		FC2D00282D082B3D00D8AA22 /* UIView+Ext.swift in Sources */ = {isa = PBXBuildFile; fileRef = FC2D00272D082B3D00D8AA22 /* UIView+Ext.swift */; };
		FC434C5A2CF85D8900B3B73F /* UINavigationController+Ext.swift in Sources */ = {isa = PBXBuildFile; fileRef = FC434C592CF85D8900B3B73F /* UINavigationController+Ext.swift */; };
		FC6CF9992D55F04100FC23DF /* RxBlocking in Frameworks */ = {isa = PBXBuildFile; productRef = FC6CF9982D55F04100FC23DF /* RxBlocking */; };
		FC6CF99B2D55F04100FC23DF /* RxCocoa in Frameworks */ = {isa = PBXBuildFile; productRef = FC6CF99A2D55F04100FC23DF /* RxCocoa */; };
		FC6CF99D2D55F04100FC23DF /* RxRelay in Frameworks */ = {isa = PBXBuildFile; productRef = FC6CF99C2D55F04100FC23DF /* RxRelay */; };
		FC7C1C402D0694E800455623 /* RouteListView.swift in Sources */ = {isa = PBXBuildFile; fileRef = FC7C1C3F2D0694E800455623 /* RouteListView.swift */; };
		FC7C1C422D06970000455623 /* RouteCellView.swift in Sources */ = {isa = PBXBuildFile; fileRef = FC7C1C412D06970000455623 /* RouteCellView.swift */; };
		FC7D6C4B2D3E3A5C004649BA /* Endpoints.swift in Sources */ = {isa = PBXBuildFile; fileRef = FC7D6C4A2D3E3A5C004649BA /* Endpoints.swift */; };
		FC7D6C4E2D3E43DC004649BA /* RouteListResponseDto.swift in Sources */ = {isa = PBXBuildFile; fileRef = FC7D6C4D2D3E43DC004649BA /* RouteListResponseDto.swift */; };
		FC991C3F2D433300001AC049 /* NetworkManager.swift in Sources */ = {isa = PBXBuildFile; fileRef = FC991C3E2D433300001AC049 /* NetworkManager.swift */; };
		FCA7A45F2CF5B2080028858E /* AppDelegate.swift in Sources */ = {isa = PBXBuildFile; fileRef = FCA7A45E2CF5B2080028858E /* AppDelegate.swift */; };
		FCA7A4612CF5B2080028858E /* SceneDelegate.swift in Sources */ = {isa = PBXBuildFile; fileRef = FCA7A4602CF5B2080028858E /* SceneDelegate.swift */; };
		FCA7A4632CF5B2080028858E /* RouteListViewController.swift in Sources */ = {isa = PBXBuildFile; fileRef = FCA7A4622CF5B2080028858E /* RouteListViewController.swift */; };
		FCA7A4682CF5B2090028858E /* Assets.xcassets in Resources */ = {isa = PBXBuildFile; fileRef = FCA7A4672CF5B2090028858E /* Assets.xcassets */; };
		FCA7A46B2CF5B2090028858E /* LaunchScreen.storyboard in Resources */ = {isa = PBXBuildFile; fileRef = FCA7A4692CF5B2090028858E /* LaunchScreen.storyboard */; };
		FCA7A4762CF5B2090028858E /* ByBusTests.swift in Sources */ = {isa = PBXBuildFile; fileRef = FCA7A4752CF5B2090028858E /* ByBusTests.swift */; };
		FCA7A4802CF5B2090028858E /* ByBusUITests.swift in Sources */ = {isa = PBXBuildFile; fileRef = FCA7A47F2CF5B2090028858E /* ByBusUITests.swift */; };
		FCA7A4822CF5B2090028858E /* ByBusUITestsLaunchTests.swift in Sources */ = {isa = PBXBuildFile; fileRef = FCA7A4812CF5B2090028858E /* ByBusUITestsLaunchTests.swift */; };
		FCA7A4982CF5C4B10028858E /* BookmarkViewController.swift in Sources */ = {isa = PBXBuildFile; fileRef = FCA7A4972CF5C4B10028858E /* BookmarkViewController.swift */; };
		FCA7A49B2CF5C5470028858E /* TabBarController.swift in Sources */ = {isa = PBXBuildFile; fileRef = FCA7A49A2CF5C5470028858E /* TabBarController.swift */; };
		FCA7A49D2CF5C63D0028858E /* SettingViewController.swift in Sources */ = {isa = PBXBuildFile; fileRef = FCA7A49C2CF5C63D0028858E /* SettingViewController.swift */; };
		FCA7A4A12CF5CAB50028858E /* SnapKit in Frameworks */ = {isa = PBXBuildFile; productRef = FCA7A4A02CF5CAB50028858E /* SnapKit */; };
		FCE60B2E2D3F5DC800F92DB7 /* APIService.swift in Sources */ = {isa = PBXBuildFile; fileRef = FCE60B2D2D3F5DC800F92DB7 /* APIService.swift */; };
/* End PBXBuildFile section */

/* Begin PBXContainerItemProxy section */
		FCA7A4722CF5B2090028858E /* PBXContainerItemProxy */ = {
			isa = PBXContainerItemProxy;
			containerPortal = FCA7A4532CF5B2080028858E /* Project object */;
			proxyType = 1;
			remoteGlobalIDString = FCA7A45A2CF5B2080028858E;
			remoteInfo = ByBus;
		};
		FCA7A47C2CF5B2090028858E /* PBXContainerItemProxy */ = {
			isa = PBXContainerItemProxy;
			containerPortal = FCA7A4532CF5B2080028858E /* Project object */;
			proxyType = 1;
			remoteGlobalIDString = FCA7A45A2CF5B2080028858E;
			remoteInfo = ByBus;
		};
/* End PBXContainerItemProxy section */

/* Begin PBXFileReference section */
		FC1A5EBB2D5B094D00DC2B79 /* APIRequest.swift */ = {isa = PBXFileReference; lastKnownFileType = sourcecode.swift; path = APIRequest.swift; sourceTree = "<group>"; };
		FC1A5EBD2D5B325800DC2B79 /* Data+Ext.swift */ = {isa = PBXFileReference; lastKnownFileType = sourcecode.swift; path = "Data+Ext.swift"; sourceTree = "<group>"; };
		FC1A5EC02D5B37B500DC2B79 /* RouteListViewModel.swift */ = {isa = PBXFileReference; lastKnownFileType = sourcecode.swift; path = RouteListViewModel.swift; sourceTree = "<group>"; };
		FC2D00272D082B3D00D8AA22 /* UIView+Ext.swift */ = {isa = PBXFileReference; lastKnownFileType = sourcecode.swift; path = "UIView+Ext.swift"; sourceTree = "<group>"; };
		FC434C592CF85D8900B3B73F /* UINavigationController+Ext.swift */ = {isa = PBXFileReference; lastKnownFileType = sourcecode.swift; path = "UINavigationController+Ext.swift"; sourceTree = "<group>"; };
		FC7C1C3F2D0694E800455623 /* RouteListView.swift */ = {isa = PBXFileReference; lastKnownFileType = sourcecode.swift; path = RouteListView.swift; sourceTree = "<group>"; };
		FC7C1C412D06970000455623 /* RouteCellView.swift */ = {isa = PBXFileReference; lastKnownFileType = sourcecode.swift; path = RouteCellView.swift; sourceTree = "<group>"; };
		FC7D6C4A2D3E3A5C004649BA /* Endpoints.swift */ = {isa = PBXFileReference; lastKnownFileType = sourcecode.swift; path = Endpoints.swift; sourceTree = "<group>"; };
		FC7D6C4D2D3E43DC004649BA /* RouteListResponseDto.swift */ = {isa = PBXFileReference; lastKnownFileType = sourcecode.swift; path = RouteListResponseDto.swift; sourceTree = "<group>"; };
		FC991C3E2D433300001AC049 /* NetworkManager.swift */ = {isa = PBXFileReference; lastKnownFileType = sourcecode.swift; path = NetworkManager.swift; sourceTree = "<group>"; };
		FCA7A45B2CF5B2080028858E /* ByBus.app */ = {isa = PBXFileReference; explicitFileType = wrapper.application; includeInIndex = 0; path = ByBus.app; sourceTree = BUILT_PRODUCTS_DIR; };
		FCA7A45E2CF5B2080028858E /* AppDelegate.swift */ = {isa = PBXFileReference; lastKnownFileType = sourcecode.swift; path = AppDelegate.swift; sourceTree = "<group>"; };
		FCA7A4602CF5B2080028858E /* SceneDelegate.swift */ = {isa = PBXFileReference; lastKnownFileType = sourcecode.swift; path = SceneDelegate.swift; sourceTree = "<group>"; };
		FCA7A4622CF5B2080028858E /* RouteListViewController.swift */ = {isa = PBXFileReference; lastKnownFileType = sourcecode.swift; path = RouteListViewController.swift; sourceTree = "<group>"; };
		FCA7A4672CF5B2090028858E /* Assets.xcassets */ = {isa = PBXFileReference; lastKnownFileType = folder.assetcatalog; path = Assets.xcassets; sourceTree = "<group>"; };
		FCA7A46A2CF5B2090028858E /* Base */ = {isa = PBXFileReference; lastKnownFileType = file.storyboard; name = Base; path = Base.lproj/LaunchScreen.storyboard; sourceTree = "<group>"; };
		FCA7A46C2CF5B2090028858E /* Info.plist */ = {isa = PBXFileReference; lastKnownFileType = text.plist.xml; path = Info.plist; sourceTree = "<group>"; };
		FCA7A4712CF5B2090028858E /* ByBusTests.xctest */ = {isa = PBXFileReference; explicitFileType = wrapper.cfbundle; includeInIndex = 0; path = ByBusTests.xctest; sourceTree = BUILT_PRODUCTS_DIR; };
		FCA7A4752CF5B2090028858E /* ByBusTests.swift */ = {isa = PBXFileReference; lastKnownFileType = sourcecode.swift; path = ByBusTests.swift; sourceTree = "<group>"; };
		FCA7A47B2CF5B2090028858E /* ByBusUITests.xctest */ = {isa = PBXFileReference; explicitFileType = wrapper.cfbundle; includeInIndex = 0; path = ByBusUITests.xctest; sourceTree = BUILT_PRODUCTS_DIR; };
		FCA7A47F2CF5B2090028858E /* ByBusUITests.swift */ = {isa = PBXFileReference; lastKnownFileType = sourcecode.swift; path = ByBusUITests.swift; sourceTree = "<group>"; };
		FCA7A4812CF5B2090028858E /* ByBusUITestsLaunchTests.swift */ = {isa = PBXFileReference; lastKnownFileType = sourcecode.swift; path = ByBusUITestsLaunchTests.swift; sourceTree = "<group>"; };
		FCA7A4972CF5C4B10028858E /* BookmarkViewController.swift */ = {isa = PBXFileReference; lastKnownFileType = sourcecode.swift; path = BookmarkViewController.swift; sourceTree = "<group>"; };
		FCA7A49A2CF5C5470028858E /* TabBarController.swift */ = {isa = PBXFileReference; lastKnownFileType = sourcecode.swift; path = TabBarController.swift; sourceTree = "<group>"; };
		FCA7A49C2CF5C63D0028858E /* SettingViewController.swift */ = {isa = PBXFileReference; lastKnownFileType = sourcecode.swift; path = SettingViewController.swift; sourceTree = "<group>"; };
		FCE60B2D2D3F5DC800F92DB7 /* APIService.swift */ = {isa = PBXFileReference; lastKnownFileType = sourcecode.swift; path = APIService.swift; sourceTree = "<group>"; };
/* End PBXFileReference section */

/* Begin PBXFrameworksBuildPhase section */
		FCA7A4582CF5B2080028858E /* Frameworks */ = {
			isa = PBXFrameworksBuildPhase;
			buildActionMask = 2147483647;
			files = (
				FC6CF99B2D55F04100FC23DF /* RxCocoa in Frameworks */,
				FCA7A4A12CF5CAB50028858E /* SnapKit in Frameworks */,
				FC6CF99D2D55F04100FC23DF /* RxRelay in Frameworks */,
				FC6CF9992D55F04100FC23DF /* RxBlocking in Frameworks */,
			);
			runOnlyForDeploymentPostprocessing = 0;
		};
		FCA7A46E2CF5B2090028858E /* Frameworks */ = {
			isa = PBXFrameworksBuildPhase;
			buildActionMask = 2147483647;
			files = (
			);
			runOnlyForDeploymentPostprocessing = 0;
		};
		FCA7A4782CF5B2090028858E /* Frameworks */ = {
			isa = PBXFrameworksBuildPhase;
			buildActionMask = 2147483647;
			files = (
			);
			runOnlyForDeploymentPostprocessing = 0;
		};
/* End PBXFrameworksBuildPhase section */

/* Begin PBXGroup section */
		FC1A5EBF2D5B37A900DC2B79 /* Subviews */ = {
			isa = PBXGroup;
			children = (
				FC7C1C412D06970000455623 /* RouteCellView.swift */,
			);
			path = Subviews;
			sourceTree = "<group>";
		};
		FC434C572CF85D4200B3B73F /* Supporting */ = {
			isa = PBXGroup;
			children = (
				FC434C582CF85D4F00B3B73F /* Extensions */,
			);
			path = Supporting;
			sourceTree = "<group>";
		};
		FC434C582CF85D4F00B3B73F /* Extensions */ = {
			isa = PBXGroup;
			children = (
				FC1A5EBD2D5B325800DC2B79 /* Data+Ext.swift */,
				FC434C592CF85D8900B3B73F /* UINavigationController+Ext.swift */,
				FC2D00272D082B3D00D8AA22 /* UIView+Ext.swift */,
			);
			path = Extensions;
			sourceTree = "<group>";
		};
		FC7D6C462D3E37EA004649BA /* Services */ = {
			isa = PBXGroup;
			children = (
				FC7D6C472D3E37F1004649BA /* APIService */,
			);
			path = Services;
			sourceTree = "<group>";
		};
		FC7D6C472D3E37F1004649BA /* APIService */ = {
			isa = PBXGroup;
			children = (
				FC7D6C4C2D3E4152004649BA /* Models */,
				FC7D6C4A2D3E3A5C004649BA /* Endpoints.swift */,
				FC1A5EBB2D5B094D00DC2B79 /* APIRequest.swift */,
				FCE60B2D2D3F5DC800F92DB7 /* APIService.swift */,
				FC991C3E2D433300001AC049 /* NetworkManager.swift */,
			);
			path = APIService;
			sourceTree = "<group>";
		};
		FC7D6C4C2D3E4152004649BA /* Models */ = {
			isa = PBXGroup;
			children = (
				FC7D6C4D2D3E43DC004649BA /* RouteListResponseDto.swift */,
			);
			path = Models;
			sourceTree = "<group>";
		};
		FCA7A4522CF5B2080028858E = {
			isa = PBXGroup;
			children = (
				FCA7A45D2CF5B2080028858E /* ByBus */,
				FCA7A4742CF5B2090028858E /* ByBusTests */,
				FCA7A47E2CF5B2090028858E /* ByBusUITests */,
				FCA7A45C2CF5B2080028858E /* Products */,
			);
			sourceTree = "<group>";
		};
		FCA7A45C2CF5B2080028858E /* Products */ = {
			isa = PBXGroup;
			children = (
				FCA7A45B2CF5B2080028858E /* ByBus.app */,
				FCA7A4712CF5B2090028858E /* ByBusTests.xctest */,
				FCA7A47B2CF5B2090028858E /* ByBusUITests.xctest */,
			);
			name = Products;
			sourceTree = "<group>";
		};
		FCA7A45D2CF5B2080028858E /* ByBus */ = {
			isa = PBXGroup;
			children = (
				FC7D6C462D3E37EA004649BA /* Services */,
				FCA7A45E2CF5B2080028858E /* AppDelegate.swift */,
				FCA7A4602CF5B2080028858E /* SceneDelegate.swift */,
				FCA7A4952CF5C49C0028858E /* Features */,
				FC434C572CF85D4200B3B73F /* Supporting */,
				FCA7A4942CF5C4890028858E /* Resources */,
				FCA7A46C2CF5B2090028858E /* Info.plist */,
			);
			path = ByBus;
			sourceTree = "<group>";
		};
		FCA7A4742CF5B2090028858E /* ByBusTests */ = {
			isa = PBXGroup;
			children = (
				FCA7A4752CF5B2090028858E /* ByBusTests.swift */,
			);
			path = ByBusTests;
			sourceTree = "<group>";
		};
		FCA7A47E2CF5B2090028858E /* ByBusUITests */ = {
			isa = PBXGroup;
			children = (
				FCA7A47F2CF5B2090028858E /* ByBusUITests.swift */,
				FCA7A4812CF5B2090028858E /* ByBusUITestsLaunchTests.swift */,
			);
			path = ByBusUITests;
			sourceTree = "<group>";
		};
		FCA7A4942CF5C4890028858E /* Resources */ = {
			isa = PBXGroup;
			children = (
				FCA7A4672CF5B2090028858E /* Assets.xcassets */,
				FCA7A4692CF5B2090028858E /* LaunchScreen.storyboard */,
			);
			path = Resources;
			sourceTree = "<group>";
		};
		FCA7A4952CF5C49C0028858E /* Features */ = {
			isa = PBXGroup;
			children = (
				FCA7A49A2CF5C5470028858E /* TabBarController.swift */,
				FCA7A4962CF5C4A20028858E /* Route */,
				FCA7A4992CF5C4B70028858E /* Bookmark */,
				FCA7A49E2CF5C6410028858E /* Setting */,
			);
			path = Features;
			sourceTree = "<group>";
		};
		FCA7A4962CF5C4A20028858E /* Route */ = {
			isa = PBXGroup;
			children = (
				FC1A5EC02D5B37B500DC2B79 /* RouteListViewModel.swift */,
				FCA7A4622CF5B2080028858E /* RouteListViewController.swift */,
				FC7C1C3F2D0694E800455623 /* RouteListView.swift */,
				FC1A5EBF2D5B37A900DC2B79 /* Subviews */,
			);
			path = Route;
			sourceTree = "<group>";
		};
		FCA7A4992CF5C4B70028858E /* Bookmark */ = {
			isa = PBXGroup;
			children = (
				FCA7A4972CF5C4B10028858E /* BookmarkViewController.swift */,
			);
			path = Bookmark;
			sourceTree = "<group>";
		};
		FCA7A49E2CF5C6410028858E /* Setting */ = {
			isa = PBXGroup;
			children = (
				FCA7A49C2CF5C63D0028858E /* SettingViewController.swift */,
			);
			path = Setting;
			sourceTree = "<group>";
		};
/* End PBXGroup section */

/* Begin PBXNativeTarget section */
		FCA7A45A2CF5B2080028858E /* ByBus */ = {
			isa = PBXNativeTarget;
			buildConfigurationList = FCA7A4852CF5B2090028858E /* Build configuration list for PBXNativeTarget "ByBus" */;
			buildPhases = (
				FCA7A4572CF5B2080028858E /* Sources */,
				FCA7A4582CF5B2080028858E /* Frameworks */,
				FCA7A4592CF5B2080028858E /* Resources */,
			);
			buildRules = (
			);
			dependencies = (
			);
			name = ByBus;
			packageProductDependencies = (
				FCA7A4A02CF5CAB50028858E /* SnapKit */,
				FC6CF9982D55F04100FC23DF /* RxBlocking */,
				FC6CF99A2D55F04100FC23DF /* RxCocoa */,
				FC6CF99C2D55F04100FC23DF /* RxRelay */,
			);
			productName = ByBus;
			productReference = FCA7A45B2CF5B2080028858E /* ByBus.app */;
			productType = "com.apple.product-type.application";
		};
		FCA7A4702CF5B2090028858E /* ByBusTests */ = {
			isa = PBXNativeTarget;
			buildConfigurationList = FCA7A4882CF5B2090028858E /* Build configuration list for PBXNativeTarget "ByBusTests" */;
			buildPhases = (
				FCA7A46D2CF5B2090028858E /* Sources */,
				FCA7A46E2CF5B2090028858E /* Frameworks */,
				FCA7A46F2CF5B2090028858E /* Resources */,
			);
			buildRules = (
			);
			dependencies = (
				FCA7A4732CF5B2090028858E /* PBXTargetDependency */,
			);
			name = ByBusTests;
			productName = ByBusTests;
			productReference = FCA7A4712CF5B2090028858E /* ByBusTests.xctest */;
			productType = "com.apple.product-type.bundle.unit-test";
		};
		FCA7A47A2CF5B2090028858E /* ByBusUITests */ = {
			isa = PBXNativeTarget;
			buildConfigurationList = FCA7A48B2CF5B2090028858E /* Build configuration list for PBXNativeTarget "ByBusUITests" */;
			buildPhases = (
				FCA7A4772CF5B2090028858E /* Sources */,
				FCA7A4782CF5B2090028858E /* Frameworks */,
				FCA7A4792CF5B2090028858E /* Resources */,
			);
			buildRules = (
			);
			dependencies = (
				FCA7A47D2CF5B2090028858E /* PBXTargetDependency */,
			);
			name = ByBusUITests;
			productName = ByBusUITests;
			productReference = FCA7A47B2CF5B2090028858E /* ByBusUITests.xctest */;
			productType = "com.apple.product-type.bundle.ui-testing";
		};
/* End PBXNativeTarget section */

/* Begin PBXProject section */
		FCA7A4532CF5B2080028858E /* Project object */ = {
			isa = PBXProject;
			attributes = {
				BuildIndependentTargetsInParallel = 1;
				LastSwiftUpdateCheck = 1500;
				LastUpgradeCheck = 1500;
				TargetAttributes = {
					FCA7A45A2CF5B2080028858E = {
						CreatedOnToolsVersion = 15.0;
					};
					FCA7A4702CF5B2090028858E = {
						CreatedOnToolsVersion = 15.0;
						TestTargetID = FCA7A45A2CF5B2080028858E;
					};
					FCA7A47A2CF5B2090028858E = {
						CreatedOnToolsVersion = 15.0;
						TestTargetID = FCA7A45A2CF5B2080028858E;
					};
				};
			};
			buildConfigurationList = FCA7A4562CF5B2080028858E /* Build configuration list for PBXProject "ByBus" */;
			compatibilityVersion = "Xcode 14.0";
			developmentRegion = en;
			hasScannedForEncodings = 0;
			knownRegions = (
				en,
				Base,
			);
			mainGroup = FCA7A4522CF5B2080028858E;
			packageReferences = (
				FCA7A49F2CF5CAB50028858E /* XCRemoteSwiftPackageReference "SnapKit" */,
				FC6CF9972D55F04100FC23DF /* XCRemoteSwiftPackageReference "RxSwift" */,
			);
			productRefGroup = FCA7A45C2CF5B2080028858E /* Products */;
			projectDirPath = "";
			projectRoot = "";
			targets = (
				FCA7A45A2CF5B2080028858E /* ByBus */,
				FCA7A4702CF5B2090028858E /* ByBusTests */,
				FCA7A47A2CF5B2090028858E /* ByBusUITests */,
			);
		};
/* End PBXProject section */

/* Begin PBXResourcesBuildPhase section */
		FCA7A4592CF5B2080028858E /* Resources */ = {
			isa = PBXResourcesBuildPhase;
			buildActionMask = 2147483647;
			files = (
				FCA7A46B2CF5B2090028858E /* LaunchScreen.storyboard in Resources */,
				FCA7A4682CF5B2090028858E /* Assets.xcassets in Resources */,
			);
			runOnlyForDeploymentPostprocessing = 0;
		};
		FCA7A46F2CF5B2090028858E /* Resources */ = {
			isa = PBXResourcesBuildPhase;
			buildActionMask = 2147483647;
			files = (
			);
			runOnlyForDeploymentPostprocessing = 0;
		};
		FCA7A4792CF5B2090028858E /* Resources */ = {
			isa = PBXResourcesBuildPhase;
			buildActionMask = 2147483647;
			files = (
			);
			runOnlyForDeploymentPostprocessing = 0;
		};
/* End PBXResourcesBuildPhase section */

/* Begin PBXSourcesBuildPhase section */
		FCA7A4572CF5B2080028858E /* Sources */ = {
			isa = PBXSourcesBuildPhase;
			buildActionMask = 2147483647;
			files = (
				FCA7A4982CF5C4B10028858E /* BookmarkViewController.swift in Sources */,
				FC434C5A2CF85D8900B3B73F /* UINavigationController+Ext.swift in Sources */,
				FC2D00282D082B3D00D8AA22 /* UIView+Ext.swift in Sources */,
				FCA7A4632CF5B2080028858E /* RouteListViewController.swift in Sources */,
				FCA7A45F2CF5B2080028858E /* AppDelegate.swift in Sources */,
				FC1A5EC12D5B37BC00DC2B79 /* RouteListViewModel.swift in Sources */,
				FC7C1C422D06970000455623 /* RouteCellView.swift in Sources */,
				FC7C1C402D0694E800455623 /* RouteListView.swift in Sources */,
				FCE60B2E2D3F5DC800F92DB7 /* APIService.swift in Sources */,
				FCA7A49B2CF5C5470028858E /* TabBarController.swift in Sources */,
				FCA7A4612CF5B2080028858E /* SceneDelegate.swift in Sources */,
				FCA7A49D2CF5C63D0028858E /* SettingViewController.swift in Sources */,
				FC991C3F2D433300001AC049 /* NetworkManager.swift in Sources */,
				FC7D6C4E2D3E43DC004649BA /* RouteListResponseDto.swift in Sources */,
				FC1A5EBC2D5B095400DC2B79 /* APIRequest.swift in Sources */,
				FC7D6C4B2D3E3A5C004649BA /* Endpoints.swift in Sources */,
				FC1A5EBE2D5B325E00DC2B79 /* Data+Ext.swift in Sources */,
			);
			runOnlyForDeploymentPostprocessing = 0;
		};
		FCA7A46D2CF5B2090028858E /* Sources */ = {
			isa = PBXSourcesBuildPhase;
			buildActionMask = 2147483647;
			files = (
				FCA7A4762CF5B2090028858E /* ByBusTests.swift in Sources */,
			);
			runOnlyForDeploymentPostprocessing = 0;
		};
		FCA7A4772CF5B2090028858E /* Sources */ = {
			isa = PBXSourcesBuildPhase;
			buildActionMask = 2147483647;
			files = (
				FCA7A4822CF5B2090028858E /* ByBusUITestsLaunchTests.swift in Sources */,
				FCA7A4802CF5B2090028858E /* ByBusUITests.swift in Sources */,
			);
			runOnlyForDeploymentPostprocessing = 0;
		};
/* End PBXSourcesBuildPhase section */

/* Begin PBXTargetDependency section */
		FCA7A4732CF5B2090028858E /* PBXTargetDependency */ = {
			isa = PBXTargetDependency;
			target = FCA7A45A2CF5B2080028858E /* ByBus */;
			targetProxy = FCA7A4722CF5B2090028858E /* PBXContainerItemProxy */;
		};
		FCA7A47D2CF5B2090028858E /* PBXTargetDependency */ = {
			isa = PBXTargetDependency;
			target = FCA7A45A2CF5B2080028858E /* ByBus */;
			targetProxy = FCA7A47C2CF5B2090028858E /* PBXContainerItemProxy */;
		};
/* End PBXTargetDependency section */

/* Begin PBXVariantGroup section */
		FCA7A4692CF5B2090028858E /* LaunchScreen.storyboard */ = {
			isa = PBXVariantGroup;
			children = (
				FCA7A46A2CF5B2090028858E /* Base */,
			);
			name = LaunchScreen.storyboard;
			sourceTree = "<group>";
		};
/* End PBXVariantGroup section */

/* Begin XCBuildConfiguration section */
		FCA7A4832CF5B2090028858E /* Debug */ = {
			isa = XCBuildConfiguration;
			buildSettings = {
				ALWAYS_SEARCH_USER_PATHS = NO;
				ASSETCATALOG_COMPILER_GENERATE_SWIFT_ASSET_SYMBOL_EXTENSIONS = YES;
				CLANG_ANALYZER_NONNULL = YES;
				CLANG_ANALYZER_NUMBER_OBJECT_CONVERSION = YES_AGGRESSIVE;
				CLANG_CXX_LANGUAGE_STANDARD = "gnu++20";
				CLANG_ENABLE_MODULES = YES;
				CLANG_ENABLE_OBJC_ARC = YES;
				CLANG_ENABLE_OBJC_WEAK = YES;
				CLANG_WARN_BLOCK_CAPTURE_AUTORELEASING = YES;
				CLANG_WARN_BOOL_CONVERSION = YES;
				CLANG_WARN_COMMA = YES;
				CLANG_WARN_CONSTANT_CONVERSION = YES;
				CLANG_WARN_DEPRECATED_OBJC_IMPLEMENTATIONS = YES;
				CLANG_WARN_DIRECT_OBJC_ISA_USAGE = YES_ERROR;
				CLANG_WARN_DOCUMENTATION_COMMENTS = YES;
				CLANG_WARN_EMPTY_BODY = YES;
				CLANG_WARN_ENUM_CONVERSION = YES;
				CLANG_WARN_INFINITE_RECURSION = YES;
				CLANG_WARN_INT_CONVERSION = YES;
				CLANG_WARN_NON_LITERAL_NULL_CONVERSION = YES;
				CLANG_WARN_OBJC_IMPLICIT_RETAIN_SELF = YES;
				CLANG_WARN_OBJC_LITERAL_CONVERSION = YES;
				CLANG_WARN_OBJC_ROOT_CLASS = YES_ERROR;
				CLANG_WARN_QUOTED_INCLUDE_IN_FRAMEWORK_HEADER = YES;
				CLANG_WARN_RANGE_LOOP_ANALYSIS = YES;
				CLANG_WARN_STRICT_PROTOTYPES = YES;
				CLANG_WARN_SUSPICIOUS_MOVE = YES;
				CLANG_WARN_UNGUARDED_AVAILABILITY = YES_AGGRESSIVE;
				CLANG_WARN_UNREACHABLE_CODE = YES;
				CLANG_WARN__DUPLICATE_METHOD_MATCH = YES;
				COPY_PHASE_STRIP = NO;
				DEBUG_INFORMATION_FORMAT = dwarf;
				ENABLE_STRICT_OBJC_MSGSEND = YES;
				ENABLE_TESTABILITY = YES;
				ENABLE_USER_SCRIPT_SANDBOXING = YES;
				GCC_C_LANGUAGE_STANDARD = gnu17;
				GCC_DYNAMIC_NO_PIC = NO;
				GCC_NO_COMMON_BLOCKS = YES;
				GCC_OPTIMIZATION_LEVEL = 0;
				GCC_PREPROCESSOR_DEFINITIONS = (
					"DEBUG=1",
					"$(inherited)",
				);
				GCC_WARN_64_TO_32_BIT_CONVERSION = YES;
				GCC_WARN_ABOUT_RETURN_TYPE = YES_ERROR;
				GCC_WARN_UNDECLARED_SELECTOR = YES;
				GCC_WARN_UNINITIALIZED_AUTOS = YES_AGGRESSIVE;
				GCC_WARN_UNUSED_FUNCTION = YES;
				GCC_WARN_UNUSED_VARIABLE = YES;
				IPHONEOS_DEPLOYMENT_TARGET = 17.0;
				LOCALIZATION_PREFERS_STRING_CATALOGS = YES;
				MTL_ENABLE_DEBUG_INFO = INCLUDE_SOURCE;
				MTL_FAST_MATH = YES;
				ONLY_ACTIVE_ARCH = YES;
				SDKROOT = iphoneos;
				SWIFT_ACTIVE_COMPILATION_CONDITIONS = "DEBUG $(inherited)";
				SWIFT_OPTIMIZATION_LEVEL = "-Onone";
			};
			name = Debug;
		};
		FCA7A4842CF5B2090028858E /* Release */ = {
			isa = XCBuildConfiguration;
			buildSettings = {
				ALWAYS_SEARCH_USER_PATHS = NO;
				ASSETCATALOG_COMPILER_GENERATE_SWIFT_ASSET_SYMBOL_EXTENSIONS = YES;
				CLANG_ANALYZER_NONNULL = YES;
				CLANG_ANALYZER_NUMBER_OBJECT_CONVERSION = YES_AGGRESSIVE;
				CLANG_CXX_LANGUAGE_STANDARD = "gnu++20";
				CLANG_ENABLE_MODULES = YES;
				CLANG_ENABLE_OBJC_ARC = YES;
				CLANG_ENABLE_OBJC_WEAK = YES;
				CLANG_WARN_BLOCK_CAPTURE_AUTORELEASING = YES;
				CLANG_WARN_BOOL_CONVERSION = YES;
				CLANG_WARN_COMMA = YES;
				CLANG_WARN_CONSTANT_CONVERSION = YES;
				CLANG_WARN_DEPRECATED_OBJC_IMPLEMENTATIONS = YES;
				CLANG_WARN_DIRECT_OBJC_ISA_USAGE = YES_ERROR;
				CLANG_WARN_DOCUMENTATION_COMMENTS = YES;
				CLANG_WARN_EMPTY_BODY = YES;
				CLANG_WARN_ENUM_CONVERSION = YES;
				CLANG_WARN_INFINITE_RECURSION = YES;
				CLANG_WARN_INT_CONVERSION = YES;
				CLANG_WARN_NON_LITERAL_NULL_CONVERSION = YES;
				CLANG_WARN_OBJC_IMPLICIT_RETAIN_SELF = YES;
				CLANG_WARN_OBJC_LITERAL_CONVERSION = YES;
				CLANG_WARN_OBJC_ROOT_CLASS = YES_ERROR;
				CLANG_WARN_QUOTED_INCLUDE_IN_FRAMEWORK_HEADER = YES;
				CLANG_WARN_RANGE_LOOP_ANALYSIS = YES;
				CLANG_WARN_STRICT_PROTOTYPES = YES;
				CLANG_WARN_SUSPICIOUS_MOVE = YES;
				CLANG_WARN_UNGUARDED_AVAILABILITY = YES_AGGRESSIVE;
				CLANG_WARN_UNREACHABLE_CODE = YES;
				CLANG_WARN__DUPLICATE_METHOD_MATCH = YES;
				COPY_PHASE_STRIP = NO;
				DEBUG_INFORMATION_FORMAT = "dwarf-with-dsym";
				ENABLE_NS_ASSERTIONS = NO;
				ENABLE_STRICT_OBJC_MSGSEND = YES;
				ENABLE_USER_SCRIPT_SANDBOXING = YES;
				GCC_C_LANGUAGE_STANDARD = gnu17;
				GCC_NO_COMMON_BLOCKS = YES;
				GCC_WARN_64_TO_32_BIT_CONVERSION = YES;
				GCC_WARN_ABOUT_RETURN_TYPE = YES_ERROR;
				GCC_WARN_UNDECLARED_SELECTOR = YES;
				GCC_WARN_UNINITIALIZED_AUTOS = YES_AGGRESSIVE;
				GCC_WARN_UNUSED_FUNCTION = YES;
				GCC_WARN_UNUSED_VARIABLE = YES;
				IPHONEOS_DEPLOYMENT_TARGET = 17.0;
				LOCALIZATION_PREFERS_STRING_CATALOGS = YES;
				MTL_ENABLE_DEBUG_INFO = NO;
				MTL_FAST_MATH = YES;
				SDKROOT = iphoneos;
				SWIFT_COMPILATION_MODE = wholemodule;
				VALIDATE_PRODUCT = YES;
			};
			name = Release;
		};
		FCA7A4862CF5B2090028858E /* Debug */ = {
			isa = XCBuildConfiguration;
			buildSettings = {
				ASSETCATALOG_COMPILER_APPICON_NAME = AppIcon;
				ASSETCATALOG_COMPILER_GLOBAL_ACCENT_COLOR_NAME = AccentColor;
				CODE_SIGN_STYLE = Automatic;
				CURRENT_PROJECT_VERSION = 1;
				DEVELOPMENT_TEAM = 89457VG9NL;
				GENERATE_INFOPLIST_FILE = YES;
				INFOPLIST_FILE = ByBus/Info.plist;
				INFOPLIST_KEY_UIApplicationSupportsIndirectInputEvents = YES;
				INFOPLIST_KEY_UILaunchStoryboardName = LaunchScreen;
				INFOPLIST_KEY_UISupportedInterfaceOrientations_iPad = "UIInterfaceOrientationPortrait UIInterfaceOrientationPortraitUpsideDown UIInterfaceOrientationLandscapeLeft UIInterfaceOrientationLandscapeRight";
				INFOPLIST_KEY_UISupportedInterfaceOrientations_iPhone = "UIInterfaceOrientationPortrait UIInterfaceOrientationLandscapeLeft UIInterfaceOrientationLandscapeRight";
				LD_RUNPATH_SEARCH_PATHS = (
					"$(inherited)",
					"@executable_path/Frameworks",
				);
				MARKETING_VERSION = 1.0;
				PRODUCT_BUNDLE_IDENTIFIER = com.elvis.ByBus;
				PRODUCT_NAME = "$(TARGET_NAME)";
				SWIFT_EMIT_LOC_STRINGS = YES;
				SWIFT_VERSION = 5.0;
				TARGETED_DEVICE_FAMILY = "1,2";
			};
			name = Debug;
		};
		FCA7A4872CF5B2090028858E /* Release */ = {
			isa = XCBuildConfiguration;
			buildSettings = {
				ASSETCATALOG_COMPILER_APPICON_NAME = AppIcon;
				ASSETCATALOG_COMPILER_GLOBAL_ACCENT_COLOR_NAME = AccentColor;
				CODE_SIGN_STYLE = Automatic;
				CURRENT_PROJECT_VERSION = 1;
				DEVELOPMENT_TEAM = 89457VG9NL;
				GENERATE_INFOPLIST_FILE = YES;
				INFOPLIST_FILE = ByBus/Info.plist;
				INFOPLIST_KEY_UIApplicationSupportsIndirectInputEvents = YES;
				INFOPLIST_KEY_UILaunchStoryboardName = LaunchScreen;
				INFOPLIST_KEY_UISupportedInterfaceOrientations_iPad = "UIInterfaceOrientationPortrait UIInterfaceOrientationPortraitUpsideDown UIInterfaceOrientationLandscapeLeft UIInterfaceOrientationLandscapeRight";
				INFOPLIST_KEY_UISupportedInterfaceOrientations_iPhone = "UIInterfaceOrientationPortrait UIInterfaceOrientationLandscapeLeft UIInterfaceOrientationLandscapeRight";
				LD_RUNPATH_SEARCH_PATHS = (
					"$(inherited)",
					"@executable_path/Frameworks",
				);
				MARKETING_VERSION = 1.0;
				PRODUCT_BUNDLE_IDENTIFIER = com.elvis.ByBus;
				PRODUCT_NAME = "$(TARGET_NAME)";
				SWIFT_EMIT_LOC_STRINGS = YES;
				SWIFT_VERSION = 5.0;
				TARGETED_DEVICE_FAMILY = "1,2";
			};
			name = Release;
		};
		FCA7A4892CF5B2090028858E /* Debug */ = {
			isa = XCBuildConfiguration;
			buildSettings = {
				ALWAYS_EMBED_SWIFT_STANDARD_LIBRARIES = YES;
				BUNDLE_LOADER = "$(TEST_HOST)";
				CODE_SIGN_STYLE = Automatic;
				CURRENT_PROJECT_VERSION = 1;
				DEVELOPMENT_TEAM = 89457VG9NL;
				GENERATE_INFOPLIST_FILE = YES;
				IPHONEOS_DEPLOYMENT_TARGET = 17.0;
				MARKETING_VERSION = 1.0;
				PRODUCT_BUNDLE_IDENTIFIER = com.elvis.ByBusTests;
				PRODUCT_NAME = "$(TARGET_NAME)";
				SWIFT_EMIT_LOC_STRINGS = NO;
				SWIFT_VERSION = 5.0;
				TARGETED_DEVICE_FAMILY = "1,2";
				TEST_HOST = "$(BUILT_PRODUCTS_DIR)/ByBus.app/$(BUNDLE_EXECUTABLE_FOLDER_PATH)/ByBus";
			};
			name = Debug;
		};
		FCA7A48A2CF5B2090028858E /* Release */ = {
			isa = XCBuildConfiguration;
			buildSettings = {
				ALWAYS_EMBED_SWIFT_STANDARD_LIBRARIES = YES;
				BUNDLE_LOADER = "$(TEST_HOST)";
				CODE_SIGN_STYLE = Automatic;
				CURRENT_PROJECT_VERSION = 1;
				DEVELOPMENT_TEAM = 89457VG9NL;
				GENERATE_INFOPLIST_FILE = YES;
				IPHONEOS_DEPLOYMENT_TARGET = 17.0;
				MARKETING_VERSION = 1.0;
				PRODUCT_BUNDLE_IDENTIFIER = com.elvis.ByBusTests;
				PRODUCT_NAME = "$(TARGET_NAME)";
				SWIFT_EMIT_LOC_STRINGS = NO;
				SWIFT_VERSION = 5.0;
				TARGETED_DEVICE_FAMILY = "1,2";
				TEST_HOST = "$(BUILT_PRODUCTS_DIR)/ByBus.app/$(BUNDLE_EXECUTABLE_FOLDER_PATH)/ByBus";
			};
			name = Release;
		};
		FCA7A48C2CF5B2090028858E /* Debug */ = {
			isa = XCBuildConfiguration;
			buildSettings = {
				ALWAYS_EMBED_SWIFT_STANDARD_LIBRARIES = YES;
				CODE_SIGN_STYLE = Automatic;
				CURRENT_PROJECT_VERSION = 1;
				DEVELOPMENT_TEAM = 89457VG9NL;
				GENERATE_INFOPLIST_FILE = YES;
				MARKETING_VERSION = 1.0;
				PRODUCT_BUNDLE_IDENTIFIER = com.elvis.ByBusUITests;
				PRODUCT_NAME = "$(TARGET_NAME)";
				SWIFT_EMIT_LOC_STRINGS = NO;
				SWIFT_VERSION = 5.0;
				TARGETED_DEVICE_FAMILY = "1,2";
				TEST_TARGET_NAME = ByBus;
			};
			name = Debug;
		};
		FCA7A48D2CF5B2090028858E /* Release */ = {
			isa = XCBuildConfiguration;
			buildSettings = {
				ALWAYS_EMBED_SWIFT_STANDARD_LIBRARIES = YES;
				CODE_SIGN_STYLE = Automatic;
				CURRENT_PROJECT_VERSION = 1;
				DEVELOPMENT_TEAM = 89457VG9NL;
				GENERATE_INFOPLIST_FILE = YES;
				MARKETING_VERSION = 1.0;
				PRODUCT_BUNDLE_IDENTIFIER = com.elvis.ByBusUITests;
				PRODUCT_NAME = "$(TARGET_NAME)";
				SWIFT_EMIT_LOC_STRINGS = NO;
				SWIFT_VERSION = 5.0;
				TARGETED_DEVICE_FAMILY = "1,2";
				TEST_TARGET_NAME = ByBus;
			};
			name = Release;
		};
/* End XCBuildConfiguration section */

/* Begin XCConfigurationList section */
		FCA7A4562CF5B2080028858E /* Build configuration list for PBXProject "ByBus" */ = {
			isa = XCConfigurationList;
			buildConfigurations = (
				FCA7A4832CF5B2090028858E /* Debug */,
				FCA7A4842CF5B2090028858E /* Release */,
			);
			defaultConfigurationIsVisible = 0;
			defaultConfigurationName = Release;
		};
		FCA7A4852CF5B2090028858E /* Build configuration list for PBXNativeTarget "ByBus" */ = {
			isa = XCConfigurationList;
			buildConfigurations = (
				FCA7A4862CF5B2090028858E /* Debug */,
				FCA7A4872CF5B2090028858E /* Release */,
			);
			defaultConfigurationIsVisible = 0;
			defaultConfigurationName = Release;
		};
		FCA7A4882CF5B2090028858E /* Build configuration list for PBXNativeTarget "ByBusTests" */ = {
			isa = XCConfigurationList;
			buildConfigurations = (
				FCA7A4892CF5B2090028858E /* Debug */,
				FCA7A48A2CF5B2090028858E /* Release */,
			);
			defaultConfigurationIsVisible = 0;
			defaultConfigurationName = Release;
		};
		FCA7A48B2CF5B2090028858E /* Build configuration list for PBXNativeTarget "ByBusUITests" */ = {
			isa = XCConfigurationList;
			buildConfigurations = (
				FCA7A48C2CF5B2090028858E /* Debug */,
				FCA7A48D2CF5B2090028858E /* Release */,
			);
			defaultConfigurationIsVisible = 0;
			defaultConfigurationName = Release;
		};
/* End XCConfigurationList section */

/* Begin XCRemoteSwiftPackageReference section */
		FC6CF9972D55F04100FC23DF /* XCRemoteSwiftPackageReference "RxSwift" */ = {
			isa = XCRemoteSwiftPackageReference;
			repositoryURL = "https://github.com/ReactiveX/RxSwift.git";
			requirement = {
				kind = upToNextMajorVersion;
				minimumVersion = 6.8.0;
			};
		};
		FCA7A49F2CF5CAB50028858E /* XCRemoteSwiftPackageReference "SnapKit" */ = {
			isa = XCRemoteSwiftPackageReference;
			repositoryURL = "https://github.com/SnapKit/SnapKit.git";
			requirement = {
				kind = upToNextMajorVersion;
				minimumVersion = 5.7.1;
			};
		};
/* End XCRemoteSwiftPackageReference section */

/* Begin XCSwiftPackageProductDependency section */
		FC6CF9982D55F04100FC23DF /* RxBlocking */ = {
			isa = XCSwiftPackageProductDependency;
			package = FC6CF9972D55F04100FC23DF /* XCRemoteSwiftPackageReference "RxSwift" */;
			productName = RxBlocking;
		};
		FC6CF99A2D55F04100FC23DF /* RxCocoa */ = {
			isa = XCSwiftPackageProductDependency;
			package = FC6CF9972D55F04100FC23DF /* XCRemoteSwiftPackageReference "RxSwift" */;
			productName = RxCocoa;
		};
		FC6CF99C2D55F04100FC23DF /* RxRelay */ = {
			isa = XCSwiftPackageProductDependency;
			package = FC6CF9972D55F04100FC23DF /* XCRemoteSwiftPackageReference "RxSwift" */;
			productName = RxRelay;
		};
		FCA7A4A02CF5CAB50028858E /* SnapKit */ = {
			isa = XCSwiftPackageProductDependency;
			package = FCA7A49F2CF5CAB50028858E /* XCRemoteSwiftPackageReference "SnapKit" */;
			productName = SnapKit;
		};
/* End XCSwiftPackageProductDependency section */
	};
	rootObject = FCA7A4532CF5B2080028858E /* Project object */;
}
